
Microsoft Visual Studio Solution File, Format Version 12.00
# Visual Studio Version 16
VisualStudioVersion = 25.0.1700.6
MinimumVisualStudioVersion = 10.0.40219.1
Project("{FAE04EC0-301F-11D3-BF4B-00C04F79EFBC}") = "Catalog.Api", "Src\Services\Catalog\Catalog.Api\Catalog.Api.csproj", "{27173BDE-63FA-4AA0-AA27-9ACEDA559208}"
EndProject
Global
	GlobalSection(SolutionConfigurationPlatforms) = preSolution
		Debug|Any CPU = Debug|Any CPU
		Release|Any CPU = Release|Any CPU
	EndGlobalSection
	GlobalSection(ProjectConfigurationPlatforms) = postSolution
		{27173BDE-63FA-4AA0-AA27-9ACEDA559208}.Debug|Any CPU.ActiveCfg = Debug|Any CPU
		{27173BDE-63FA-4AA0-AA27-9ACEDA559208}.Debug|Any CPU.Build.0 = Debug|Any CPU
		{27173BDE-63FA-4AA0-AA27-9ACEDA559208}.Release|Any CPU.ActiveCfg = Release|Any CPU
		{27173BDE-63FA-4AA0-AA27-9ACEDA559208}.Release|Any CPU.Build.0 = Release|Any CPU
	EndGlobalSection
	GlobalSection(SolutionProperties) = preSolution
		HideSolutionNode = FALSE
	EndGlobalSection
	GlobalSection(ExtensibilityGlobals) = postSolution
		SolutionGuid = {DC1D1BF9-988A-4BF8-9D0F-BD5D934A2E61}
	EndGlobalSection
EndGlobal
